
Microsoft Visual Studio Solution File, Format Version 12.00
# Visual Studio 15
VisualStudioVersion = 15.0.27004.2005
MinimumVisualStudioVersion = 10.0.40219.1
Project("{FAE04EC0-301F-11D3-BF4B-00C04F79EFBC}") = "P01_BillsPaymentSystem.App", "P01_BillsPaymentSystem.App\P01_BillsPaymentSystem.App.csproj", "{84A9B132-22C9-4586-800E-2644DB4F7C85}"
EndProject
Project("{FAE04EC0-301F-11D3-BF4B-00C04F79EFBC}") = "P01_BillsPaymentSystem.Data", "P01_BillsPaymentSystem.Data\P01_BillsPaymentSystem.Data.csproj", "{00CF0601-D137-48B8-8927-AEBAF927E8B8}"
EndProject
Project("{FAE04EC0-301F-11D3-BF4B-00C04F79EFBC}") = "P01_BillsPaymentSystem.Data.Models", "P01_BillsPaymentSystem.Data.Models\P01_BillsPaymentSystem.Data.Models.csproj", "{71FE0597-5CF1-4C5B-80AB-923F8B2C2CA9}"
EndProject
Global
	GlobalSection(SolutionConfigurationPlatforms) = preSolution
		Debug|Any CPU = Debug|Any CPU
		Release|Any CPU = Release|Any CPU
	EndGlobalSection
	GlobalSection(ProjectConfigurationPlatforms) = postSolution
		{84A9B132-22C9-4586-800E-2644DB4F7C85}.Debug|Any CPU.ActiveCfg = Debug|Any CPU
		{84A9B132-22C9-4586-800E-2644DB4F7C85}.Debug|Any CPU.Build.0 = Debug|Any CPU
		{84A9B132-22C9-4586-800E-2644DB4F7C85}.Release|Any CPU.ActiveCfg = Release|Any CPU
		{84A9B132-22C9-4586-800E-2644DB4F7C85}.Release|Any CPU.Build.0 = Release|Any CPU
		{00CF0601-D137-48B8-8927-AEBAF927E8B8}.Debug|Any CPU.ActiveCfg = Debug|Any CPU
		{00CF0601-D137-48B8-8927-AEBAF927E8B8}.Debug|Any CPU.Build.0 = Debug|Any CPU
		{00CF0601-D137-48B8-8927-AEBAF927E8B8}.Release|Any CPU.ActiveCfg = Release|Any CPU
		{00CF0601-D137-48B8-8927-AEBAF927E8B8}.Release|Any CPU.Build.0 = Release|Any CPU
		{71FE0597-5CF1-4C5B-80AB-923F8B2C2CA9}.Debug|Any CPU.ActiveCfg = Debug|Any CPU
		{71FE0597-5CF1-4C5B-80AB-923F8B2C2CA9}.Debug|Any CPU.Build.0 = Debug|Any CPU
		{71FE0597-5CF1-4C5B-80AB-923F8B2C2CA9}.Release|Any CPU.ActiveCfg = Release|Any CPU
		{71FE0597-5CF1-4C5B-80AB-923F8B2C2CA9}.Release|Any CPU.Build.0 = Release|Any CPU
	EndGlobalSection
	GlobalSection(SolutionProperties) = preSolution
		HideSolutionNode = FALSE
	EndGlobalSection
	GlobalSection(ExtensibilityGlobals) = postSolution
		SolutionGuid = {5E93D7DF-7A3F-4E87-9D19-F2AB4254DFF3}
	EndGlobalSection
EndGlobal
