
Microsoft Visual Studio Solution File, Format Version 12.00
# Visual Studio 15
VisualStudioVersion = 15.0.27004.2005
MinimumVisualStudioVersion = 10.0.40219.1
Project("{FAE04EC0-301F-11D3-BF4B-00C04F79EFBC}") = "P01_StudentSystem", "P01_StudentSystem\P01_StudentSystem.csproj", "{76FBEAD4-CB57-4B55-9B3B-EA831F045585}"
EndProject
Project("{FAE04EC0-301F-11D3-BF4B-00C04F79EFBC}") = "Configuration", "Configuration\Configuration.csproj", "{2F46F6FF-E126-46A3-B7EE-BDB82694F441}"
EndProject
Global
	GlobalSection(SolutionConfigurationPlatforms) = preSolution
		Debug|Any CPU = Debug|Any CPU
		Release|Any CPU = Release|Any CPU
	EndGlobalSection
	GlobalSection(ProjectConfigurationPlatforms) = postSolution
		{76FBEAD4-CB57-4B55-9B3B-EA831F045585}.Debug|Any CPU.ActiveCfg = Debug|Any CPU
		{76FBEAD4-CB57-4B55-9B3B-EA831F045585}.Debug|Any CPU.Build.0 = Debug|Any CPU
		{76FBEAD4-CB57-4B55-9B3B-EA831F045585}.Release|Any CPU.ActiveCfg = Release|Any CPU
		{76FBEAD4-CB57-4B55-9B3B-EA831F045585}.Release|Any CPU.Build.0 = Release|Any CPU
		{2F46F6FF-E126-46A3-B7EE-BDB82694F441}.Debug|Any CPU.ActiveCfg = Debug|Any CPU
		{2F46F6FF-E126-46A3-B7EE-BDB82694F441}.Debug|Any CPU.Build.0 = Debug|Any CPU
		{2F46F6FF-E126-46A3-B7EE-BDB82694F441}.Release|Any CPU.ActiveCfg = Release|Any CPU
		{2F46F6FF-E126-46A3-B7EE-BDB82694F441}.Release|Any CPU.Build.0 = Release|Any CPU
	EndGlobalSection
	GlobalSection(SolutionProperties) = preSolution
		HideSolutionNode = FALSE
	EndGlobalSection
	GlobalSection(ExtensibilityGlobals) = postSolution
		SolutionGuid = {2E3F56A6-20A4-44FB-BABD-2159E08425A9}
	EndGlobalSection
EndGlobal
