
Microsoft Visual Studio Solution File, Format Version 12.00
# Visual Studio 15
VisualStudioVersion = 15.0.27004.2005
MinimumVisualStudioVersion = 10.0.40219.1
Project("{FAE04EC0-301F-11D3-BF4B-00C04F79EFBC}") = "BusTicketSystem.Client", "BusTicketSystem.Client\BusTicketSystem.Client.csproj", "{916F5B00-3C29-4474-ABB9-C5DD1551082B}"
EndProject
Project("{FAE04EC0-301F-11D3-BF4B-00C04F79EFBC}") = "BusTicketSystem.Models", "BusTicketSystem.Models\BusTicketSystem.Models.csproj", "{B22E329C-791D-477A-BD2B-43185108A69A}"
EndProject
Project("{FAE04EC0-301F-11D3-BF4B-00C04F79EFBC}") = "BusTicketSystem.Data", "BusTicketSystem.Data\BusTicketSystem.Data.csproj", "{199AF88A-C416-41F3-A587-92FDDF2CA24E}"
EndProject
Global
	GlobalSection(SolutionConfigurationPlatforms) = preSolution
		Debug|Any CPU = Debug|Any CPU
		Release|Any CPU = Release|Any CPU
	EndGlobalSection
	GlobalSection(ProjectConfigurationPlatforms) = postSolution
		{916F5B00-3C29-4474-ABB9-C5DD1551082B}.Debug|Any CPU.ActiveCfg = Debug|Any CPU
		{916F5B00-3C29-4474-ABB9-C5DD1551082B}.Debug|Any CPU.Build.0 = Debug|Any CPU
		{916F5B00-3C29-4474-ABB9-C5DD1551082B}.Release|Any CPU.ActiveCfg = Release|Any CPU
		{916F5B00-3C29-4474-ABB9-C5DD1551082B}.Release|Any CPU.Build.0 = Release|Any CPU
		{B22E329C-791D-477A-BD2B-43185108A69A}.Debug|Any CPU.ActiveCfg = Debug|Any CPU
		{B22E329C-791D-477A-BD2B-43185108A69A}.Debug|Any CPU.Build.0 = Debug|Any CPU
		{B22E329C-791D-477A-BD2B-43185108A69A}.Release|Any CPU.ActiveCfg = Release|Any CPU
		{B22E329C-791D-477A-BD2B-43185108A69A}.Release|Any CPU.Build.0 = Release|Any CPU
		{199AF88A-C416-41F3-A587-92FDDF2CA24E}.Debug|Any CPU.ActiveCfg = Debug|Any CPU
		{199AF88A-C416-41F3-A587-92FDDF2CA24E}.Debug|Any CPU.Build.0 = Debug|Any CPU
		{199AF88A-C416-41F3-A587-92FDDF2CA24E}.Release|Any CPU.ActiveCfg = Release|Any CPU
		{199AF88A-C416-41F3-A587-92FDDF2CA24E}.Release|Any CPU.Build.0 = Release|Any CPU
	EndGlobalSection
	GlobalSection(SolutionProperties) = preSolution
		HideSolutionNode = FALSE
	EndGlobalSection
	GlobalSection(ExtensibilityGlobals) = postSolution
		SolutionGuid = {F43301D6-D761-480E-AC35-FD93F83AC9BE}
	EndGlobalSection
EndGlobal
